
Microsoft Visual Studio Solution File, Format Version 12.00
# Visual Studio 15
VisualStudioVersion = 15.0.26430.6
MinimumVisualStudioVersion = 15.0.26430.6
Project("{9A19103F-16F7-4668-BE54-9A1E7A4F7556}") = "CaptureSnippets", "CaptureSnippets\CaptureSnippets.csproj", "{2F81FF57-F5ED-4AAE-B5C5-23F4B096B45D}"
EndProject
Project("{2150E333-8FDC-42A3-9474-1A3956D46DE8}") = "Solution Items", "Solution Items", "{CDCF82B2-C394-4ECC-A729-22C691457791}"
	ProjectSection(SolutionItems) = preProject
		appveyor.yml = appveyor.yml
		Directory.Build.props = Directory.Build.props
	EndProjectSection
EndProject
Project("{D954291E-2A0B-460D-934E-DC6B0785DB48}") = "Shared", "Shared\Shared.shproj", "{052C7024-C1F5-41D3-BEE2-5226A862F0F3}"
EndProject
Project("{9A19103F-16F7-4668-BE54-9A1E7A4F7556}") = "CaptureSnippets.Tests", "CaptureSnippets.Tests\CaptureSnippets.Tests.csproj", "{F15A48E4-A945-4FE4-96B2-76DC411A2FD3}"
EndProject
Project("{9A19103F-16F7-4668-BE54-9A1E7A4F7556}") = "CaptureSnippetsSimple", "CaptureSnippetsSimple\CaptureSnippetsSimple.csproj", "{D791BD27-4C4F-4C6F-B159-537F3FB9820D}"
EndProject
Project("{9A19103F-16F7-4668-BE54-9A1E7A4F7556}") = "CaptureSnippetsSimple.Tests", "CaptureSnippetsSimple.Tests\CaptureSnippetsSimple.Tests.csproj", "{99DE8782-5377-43AA-BB19-F3408CBC2C7C}"
EndProject
Project("{D954291E-2A0B-460D-934E-DC6B0785DB48}") = "TestsShared", "TestsShared\TestsShared.shproj", "{7C74BA72-8157-41D9-9551-4787FBFF2F45}"
EndProject
Global
	GlobalSection(SharedMSBuildProjectFiles) = preSolution
		Shared\Shared.projitems*{052c7024-c1f5-41d3-bee2-5226a862f0f3}*SharedItemsImports = 13
		TestsShared\TestsShared.projitems*{7c74ba72-8157-41d9-9551-4787fbff2f45}*SharedItemsImports = 13
	EndGlobalSection
	GlobalSection(SolutionConfigurationPlatforms) = preSolution
		Debug|Any CPU = Debug|Any CPU
		Release|Any CPU = Release|Any CPU
	EndGlobalSection
	GlobalSection(ProjectConfigurationPlatforms) = postSolution
		{2F81FF57-F5ED-4AAE-B5C5-23F4B096B45D}.Debug|Any CPU.ActiveCfg = Debug|Any CPU
		{2F81FF57-F5ED-4AAE-B5C5-23F4B096B45D}.Debug|Any CPU.Build.0 = Debug|Any CPU
		{2F81FF57-F5ED-4AAE-B5C5-23F4B096B45D}.Release|Any CPU.ActiveCfg = Release|Any CPU
		{2F81FF57-F5ED-4AAE-B5C5-23F4B096B45D}.Release|Any CPU.Build.0 = Release|Any CPU
		{F15A48E4-A945-4FE4-96B2-76DC411A2FD3}.Debug|Any CPU.ActiveCfg = Debug|Any CPU
		{F15A48E4-A945-4FE4-96B2-76DC411A2FD3}.Debug|Any CPU.Build.0 = Debug|Any CPU
		{F15A48E4-A945-4FE4-96B2-76DC411A2FD3}.Release|Any CPU.ActiveCfg = Release|Any CPU
		{F15A48E4-A945-4FE4-96B2-76DC411A2FD3}.Release|Any CPU.Build.0 = Release|Any CPU
		{D791BD27-4C4F-4C6F-B159-537F3FB9820D}.Debug|Any CPU.ActiveCfg = Debug|Any CPU
		{D791BD27-4C4F-4C6F-B159-537F3FB9820D}.Debug|Any CPU.Build.0 = Debug|Any CPU
		{D791BD27-4C4F-4C6F-B159-537F3FB9820D}.Release|Any CPU.ActiveCfg = Release|Any CPU
		{D791BD27-4C4F-4C6F-B159-537F3FB9820D}.Release|Any CPU.Build.0 = Release|Any CPU
		{99DE8782-5377-43AA-BB19-F3408CBC2C7C}.Debug|Any CPU.ActiveCfg = Debug|Any CPU
		{99DE8782-5377-43AA-BB19-F3408CBC2C7C}.Debug|Any CPU.Build.0 = Debug|Any CPU
		{99DE8782-5377-43AA-BB19-F3408CBC2C7C}.Release|Any CPU.ActiveCfg = Release|Any CPU
		{99DE8782-5377-43AA-BB19-F3408CBC2C7C}.Release|Any CPU.Build.0 = Release|Any CPU
	EndGlobalSection
	GlobalSection(SolutionProperties) = preSolution
		HideSolutionNode = FALSE
	EndGlobalSection
	GlobalSection(ExtensibilityGlobals) = postSolution
		SolutionGuid = {28B2826F-513B-48B5-9A5B-D14E3D91D7D3}
	EndGlobalSection
EndGlobal
